
Microsoft Visual Studio Solution File, Format Version 12.00
# Visual Studio Version 16
VisualStudioVersion = 16.0.29102.190
MinimumVisualStudioVersion = 10.0.40219.1
Project("{9A19103F-16F7-4668-BE54-9A1E7A4F7556}") = "Gogogo.IF", "Gogogo.IF\Gogogo.IF.csproj", "{DE364D31-7D24-4A7A-9B35-A740342B469C}"
EndProject
Project("{9A19103F-16F7-4668-BE54-9A1E7A4F7556}") = "LogManCore", "LogManCore\LogManCore.csproj", "{F9854437-9251-4B49-AC31-F7346AFE6FBE}"
EndProject
Project("{9A19103F-16F7-4668-BE54-9A1E7A4F7556}") = "DotNetCoreConfiguration", "DotNetCoreConfiguration\DotNetCoreConfiguration.csproj", "{F3E5AA52-CBAA-49DC-AEA9-9CD512535A64}"
EndProject
Project("{9A19103F-16F7-4668-BE54-9A1E7A4F7556}") = "GoGoGo.Entity", "GoGoGo.Entity\GoGoGo.Entity.csproj", "{52A2671A-E28D-468A-9A0A-4752D7C47E2B}"
EndProject
Project("{9A19103F-16F7-4668-BE54-9A1E7A4F7556}") = "GoGoGo.DataStorage", "GoGoGo.DataStorage\GoGoGo.DataStorage.csproj", "{B8F7E717-E387-4E89-8EAE-9FA0868123C7}"
EndProject
Project("{9A19103F-16F7-4668-BE54-9A1E7A4F7556}") = "GoGoGo.Core", "GoGoGo.Core\GoGoGo.Core.csproj", "{BF3D7CC9-B79C-46B2-827D-7FC0DAD9041D}"
EndProject
Project("{9A19103F-16F7-4668-BE54-9A1E7A4F7556}") = "GoGoGo.DataStorage.UnitTest", "UnitTest\GoGoGo.DataStorage.UnitTest\GoGoGo.DataStorage.UnitTest.csproj", "{49404C16-C8E0-457C-81F4-73D4CB2CAAB6}"
EndProject
Project("{FAE04EC0-301F-11D3-BF4B-00C04F79EFBC}") = "GoGoGo.WebApp", "GoGoGo.WebApp\GoGoGo.WebApp.csproj", "{16137B30-D5E4-4DEA-B036-7885837A3C0E}"
EndProject
Global
	GlobalSection(SolutionConfigurationPlatforms) = preSolution
		Debug|Any CPU = Debug|Any CPU
		Release|Any CPU = Release|Any CPU
	EndGlobalSection
	GlobalSection(ProjectConfigurationPlatforms) = postSolution
		{DE364D31-7D24-4A7A-9B35-A740342B469C}.Debug|Any CPU.ActiveCfg = Debug|Any CPU
		{DE364D31-7D24-4A7A-9B35-A740342B469C}.Debug|Any CPU.Build.0 = Debug|Any CPU
		{DE364D31-7D24-4A7A-9B35-A740342B469C}.Release|Any CPU.ActiveCfg = Release|Any CPU
		{DE364D31-7D24-4A7A-9B35-A740342B469C}.Release|Any CPU.Build.0 = Release|Any CPU
		{F9854437-9251-4B49-AC31-F7346AFE6FBE}.Debug|Any CPU.ActiveCfg = Debug|Any CPU
		{F9854437-9251-4B49-AC31-F7346AFE6FBE}.Debug|Any CPU.Build.0 = Debug|Any CPU
		{F9854437-9251-4B49-AC31-F7346AFE6FBE}.Release|Any CPU.ActiveCfg = Release|Any CPU
		{F9854437-9251-4B49-AC31-F7346AFE6FBE}.Release|Any CPU.Build.0 = Release|Any CPU
		{F3E5AA52-CBAA-49DC-AEA9-9CD512535A64}.Debug|Any CPU.ActiveCfg = Debug|Any CPU
		{F3E5AA52-CBAA-49DC-AEA9-9CD512535A64}.Debug|Any CPU.Build.0 = Debug|Any CPU
		{F3E5AA52-CBAA-49DC-AEA9-9CD512535A64}.Release|Any CPU.ActiveCfg = Release|Any CPU
		{F3E5AA52-CBAA-49DC-AEA9-9CD512535A64}.Release|Any CPU.Build.0 = Release|Any CPU
		{52A2671A-E28D-468A-9A0A-4752D7C47E2B}.Debug|Any CPU.ActiveCfg = Debug|Any CPU
		{52A2671A-E28D-468A-9A0A-4752D7C47E2B}.Debug|Any CPU.Build.0 = Debug|Any CPU
		{52A2671A-E28D-468A-9A0A-4752D7C47E2B}.Release|Any CPU.ActiveCfg = Release|Any CPU
		{52A2671A-E28D-468A-9A0A-4752D7C47E2B}.Release|Any CPU.Build.0 = Release|Any CPU
		{B8F7E717-E387-4E89-8EAE-9FA0868123C7}.Debug|Any CPU.ActiveCfg = Debug|Any CPU
		{B8F7E717-E387-4E89-8EAE-9FA0868123C7}.Debug|Any CPU.Build.0 = Debug|Any CPU
		{B8F7E717-E387-4E89-8EAE-9FA0868123C7}.Release|Any CPU.ActiveCfg = Release|Any CPU
		{B8F7E717-E387-4E89-8EAE-9FA0868123C7}.Release|Any CPU.Build.0 = Release|Any CPU
		{BF3D7CC9-B79C-46B2-827D-7FC0DAD9041D}.Debug|Any CPU.ActiveCfg = Debug|Any CPU
		{BF3D7CC9-B79C-46B2-827D-7FC0DAD9041D}.Debug|Any CPU.Build.0 = Debug|Any CPU
		{BF3D7CC9-B79C-46B2-827D-7FC0DAD9041D}.Release|Any CPU.ActiveCfg = Release|Any CPU
		{BF3D7CC9-B79C-46B2-827D-7FC0DAD9041D}.Release|Any CPU.Build.0 = Release|Any CPU
		{49404C16-C8E0-457C-81F4-73D4CB2CAAB6}.Debug|Any CPU.ActiveCfg = Debug|Any CPU
		{49404C16-C8E0-457C-81F4-73D4CB2CAAB6}.Debug|Any CPU.Build.0 = Debug|Any CPU
		{49404C16-C8E0-457C-81F4-73D4CB2CAAB6}.Release|Any CPU.ActiveCfg = Release|Any CPU
		{49404C16-C8E0-457C-81F4-73D4CB2CAAB6}.Release|Any CPU.Build.0 = Release|Any CPU
		{16137B30-D5E4-4DEA-B036-7885837A3C0E}.Debug|Any CPU.ActiveCfg = Debug|Any CPU
		{16137B30-D5E4-4DEA-B036-7885837A3C0E}.Debug|Any CPU.Build.0 = Debug|Any CPU
		{16137B30-D5E4-4DEA-B036-7885837A3C0E}.Release|Any CPU.ActiveCfg = Release|Any CPU
		{16137B30-D5E4-4DEA-B036-7885837A3C0E}.Release|Any CPU.Build.0 = Release|Any CPU
	EndGlobalSection
	GlobalSection(SolutionProperties) = preSolution
		HideSolutionNode = FALSE
	EndGlobalSection
	GlobalSection(ExtensibilityGlobals) = postSolution
		SolutionGuid = {E410A2FA-0848-4E10-A74E-85DCC53C13D6}
	EndGlobalSection
EndGlobal
